
Microsoft Visual Studio Solution File, Format Version 12.00
# Visual Studio 2013
VisualStudioVersion = 12.0.20617.1 PREVIEW
MinimumVisualStudioVersion = 10.0.40219.1
Project("{FAE04EC0-301F-11D3-BF4B-00C04F79EFBC}") = "CollectIt", "CollectIt\CollectIt.csproj", "{7F07FCE9-F784-452B-AE54-17611013C03E}"
EndProject
Project("{FAE04EC0-301F-11D3-BF4B-00C04F79EFBC}") = "CollectIt.Tests", "CollectIt.Tests\CollectIt.Tests.csproj", "{D2D3A244-00DD-436F-A99F-F4EF7719C79B}"
EndProject
Global
	GlobalSection(SolutionConfigurationPlatforms) = preSolution
		Debug|Any CPU = Debug|Any CPU
		Release|Any CPU = Release|Any CPU
	EndGlobalSection
	GlobalSection(ProjectConfigurationPlatforms) = postSolution
		{7F07FCE9-F784-452B-AE54-17611013C03E}.Debug|Any CPU.ActiveCfg = Debug|Any CPU
		{7F07FCE9-F784-452B-AE54-17611013C03E}.Debug|Any CPU.Build.0 = Debug|Any CPU
		{7F07FCE9-F784-452B-AE54-17611013C03E}.Release|Any CPU.ActiveCfg = Release|Any CPU
		{7F07FCE9-F784-452B-AE54-17611013C03E}.Release|Any CPU.Build.0 = Release|Any CPU
		{D2D3A244-00DD-436F-A99F-F4EF7719C79B}.Debug|Any CPU.ActiveCfg = Debug|Any CPU
		{D2D3A244-00DD-436F-A99F-F4EF7719C79B}.Debug|Any CPU.Build.0 = Debug|Any CPU
		{D2D3A244-00DD-436F-A99F-F4EF7719C79B}.Release|Any CPU.ActiveCfg = Release|Any CPU
		{D2D3A244-00DD-436F-A99F-F4EF7719C79B}.Release|Any CPU.Build.0 = Release|Any CPU
	EndGlobalSection
	GlobalSection(SolutionProperties) = preSolution
		HideSolutionNode = FALSE
	EndGlobalSection
EndGlobal
